
Microsoft Visual Studio Solution File, Format Version 12.00
# Visual Studio 15
Project("{FAE04EC0-301F-11D3-BF4B-00C04F79EFBC}") = "SteamVR", "SteamVR.csproj", "{C3BA69B4-740A-50A9-FA6C-25E6630ACAEB}"
EndProject
Project("{FAE04EC0-301F-11D3-BF4B-00C04F79EFBC}") = "SteamVR_Editor", "SteamVR_Editor.csproj", "{BDEAE416-E6D0-9097-C33A-B27AE40708DF}"
EndProject
Project("{FAE04EC0-301F-11D3-BF4B-00C04F79EFBC}") = "SteamVR_Input_Editor", "SteamVR_Input_Editor.csproj", "{214CA10A-8C49-F15E-52EC-D4CF08ADC7E8}"
EndProject
Project("{FAE04EC0-301F-11D3-BF4B-00C04F79EFBC}") = "Assembly-CSharp", "Assembly-CSharp.csproj", "{E411717C-3D26-738E-E972-CC9EEBB10163}"
EndProject
Project("{FAE04EC0-301F-11D3-BF4B-00C04F79EFBC}") = "SteamVR_Actions", "SteamVR_Actions.csproj", "{41984495-22D9-3FC5-205E-44AAD6B51E53}"
EndProject
Project("{FAE04EC0-301F-11D3-BF4B-00C04F79EFBC}") = "SteamVR_Windows_EditorHelper", "SteamVR_Windows_EditorHelper.csproj", "{90E83AB2-7513-F29F-B49C-4DD8600848E7}"
EndProject
Global
	GlobalSection(SolutionConfigurationPlatforms) = preSolution
		Debug|Any CPU = Debug|Any CPU
		Release|Any CPU = Release|Any CPU
	EndGlobalSection
	GlobalSection(ProjectConfigurationPlatforms) = postSolution
		{C3BA69B4-740A-50A9-FA6C-25E6630ACAEB}.Debug|Any CPU.ActiveCfg = Debug|Any CPU
		{C3BA69B4-740A-50A9-FA6C-25E6630ACAEB}.Debug|Any CPU.Build.0 = Debug|Any CPU
		{C3BA69B4-740A-50A9-FA6C-25E6630ACAEB}.Release|Any CPU.ActiveCfg = Release|Any CPU
		{C3BA69B4-740A-50A9-FA6C-25E6630ACAEB}.Release|Any CPU.Build.0 = Release|Any CPU
		{BDEAE416-E6D0-9097-C33A-B27AE40708DF}.Debug|Any CPU.ActiveCfg = Debug|Any CPU
		{BDEAE416-E6D0-9097-C33A-B27AE40708DF}.Debug|Any CPU.Build.0 = Debug|Any CPU
		{BDEAE416-E6D0-9097-C33A-B27AE40708DF}.Release|Any CPU.ActiveCfg = Release|Any CPU
		{BDEAE416-E6D0-9097-C33A-B27AE40708DF}.Release|Any CPU.Build.0 = Release|Any CPU
		{214CA10A-8C49-F15E-52EC-D4CF08ADC7E8}.Debug|Any CPU.ActiveCfg = Debug|Any CPU
		{214CA10A-8C49-F15E-52EC-D4CF08ADC7E8}.Debug|Any CPU.Build.0 = Debug|Any CPU
		{214CA10A-8C49-F15E-52EC-D4CF08ADC7E8}.Release|Any CPU.ActiveCfg = Release|Any CPU
		{214CA10A-8C49-F15E-52EC-D4CF08ADC7E8}.Release|Any CPU.Build.0 = Release|Any CPU
		{E411717C-3D26-738E-E972-CC9EEBB10163}.Debug|Any CPU.ActiveCfg = Debug|Any CPU
		{E411717C-3D26-738E-E972-CC9EEBB10163}.Debug|Any CPU.Build.0 = Debug|Any CPU
		{E411717C-3D26-738E-E972-CC9EEBB10163}.Release|Any CPU.ActiveCfg = Release|Any CPU
		{E411717C-3D26-738E-E972-CC9EEBB10163}.Release|Any CPU.Build.0 = Release|Any CPU
		{41984495-22D9-3FC5-205E-44AAD6B51E53}.Debug|Any CPU.ActiveCfg = Debug|Any CPU
		{41984495-22D9-3FC5-205E-44AAD6B51E53}.Debug|Any CPU.Build.0 = Debug|Any CPU
		{41984495-22D9-3FC5-205E-44AAD6B51E53}.Release|Any CPU.ActiveCfg = Release|Any CPU
		{41984495-22D9-3FC5-205E-44AAD6B51E53}.Release|Any CPU.Build.0 = Release|Any CPU
		{90E83AB2-7513-F29F-B49C-4DD8600848E7}.Debug|Any CPU.ActiveCfg = Debug|Any CPU
		{90E83AB2-7513-F29F-B49C-4DD8600848E7}.Debug|Any CPU.Build.0 = Debug|Any CPU
		{90E83AB2-7513-F29F-B49C-4DD8600848E7}.Release|Any CPU.ActiveCfg = Release|Any CPU
		{90E83AB2-7513-F29F-B49C-4DD8600848E7}.Release|Any CPU.Build.0 = Release|Any CPU
	EndGlobalSection
	GlobalSection(SolutionProperties) = preSolution
		HideSolutionNode = FALSE
	EndGlobalSection
EndGlobal
